
Microsoft Visual Studio Solution File, Format Version 12.00
# Visual Studio 14
VisualStudioVersion = 14.0.25420.1
MinimumVisualStudioVersion = 10.0.40219.1
Project("{FAE04EC0-301F-11D3-BF4B-00C04F79EFBC}") = "PrtgAPI.PowerShell", "PrtgAPI.PowerShell\PrtgAPI.PowerShell.csproj", "{C55D8F50-71DE-42C6-A758-5EFF855F318D}"
EndProject
Project("{FAE04EC0-301F-11D3-BF4B-00C04F79EFBC}") = "PrtgAPI", "PrtgAPI\PrtgAPI.csproj", "{0F6F773A-7053-424E-89F8-43467A695433}"
	ProjectSection(ProjectDependencies) = postProject
		{C4572A75-AC79-4E5E-B253-1A545446220A} = {C4572A75-AC79-4E5E-B253-1A545446220A}
	EndProjectSection
EndProject
Project("{FAE04EC0-301F-11D3-BF4B-00C04F79EFBC}") = "PrtgAPI.Tests.UnitTests", "PrtgAPI.Tests.UnitTests\PrtgAPI.Tests.UnitTests.csproj", "{2179C33F-C774-45AF-A664-338B8C3B799B}"
EndProject
Project("{FAE04EC0-301F-11D3-BF4B-00C04F79EFBC}") = "PrtgAPI.Tests.IntegrationTests", "PrtgAPI.Tests.IntegrationTests\PrtgAPI.Tests.IntegrationTests.csproj", "{60277601-FF8C-4712-BE9B-972921F5C763}"
EndProject
Project("{2150E333-8FDC-42A3-9474-1A3956D46DE8}") = "Tools", "Tools", "{873CF2EE-4D15-4445-BAE9-33F1D82848A0}"
EndProject
Project("{FAE04EC0-301F-11D3-BF4B-00C04F79EFBC}") = "PrtgAPI.CodeGenerator", "Tools\PrtgAPI.CodeGenerator\PrtgAPI.CodeGenerator.csproj", "{C4572A75-AC79-4E5E-B253-1A545446220A}"
EndProject
Project("{2150E333-8FDC-42A3-9474-1A3956D46DE8}") = "CI", "CI", "{704FF895-ABCF-4C13-A731-1BBFA890097F}"
	ProjectSection(SolutionItems) = preProject
		Tools\CI\Appveyor.psm1 = Tools\CI\Appveyor.psm1
		Tools\CI\ci.psm1 = Tools\CI\ci.psm1
		Tools\CI\Travis.psm1 = Tools\CI\Travis.psm1
	EndProjectSection
EndProject
Project("{2150E333-8FDC-42A3-9474-1A3956D46DE8}") = "PrtgAPI.Build", "PrtgAPI.Build", "{FD3FC018-16E2-4C03-B7B0-96053F7BBF15}"
	ProjectSection(SolutionItems) = preProject
		Tools\PrtgAPI.Build\PrtgAPI.Build.Format.ps1xml = Tools\PrtgAPI.Build\PrtgAPI.Build.Format.ps1xml
		Tools\PrtgAPI.Build\PrtgAPI.Build.psd1 = Tools\PrtgAPI.Build\PrtgAPI.Build.psd1
		Tools\PrtgAPI.Build\PrtgAPI.Build.psm1 = Tools\PrtgAPI.Build\PrtgAPI.Build.psm1
	EndProjectSection
EndProject
Project("{2150E333-8FDC-42A3-9474-1A3956D46DE8}") = "Functions", "Functions", "{1F1BA813-E71F-4138-A6B9-E2B0AEBCD0F1}"
	ProjectSection(SolutionItems) = preProject
		Tools\PrtgAPI.Build\Functions\Clear-PrtgBuild.ps1 = Tools\PrtgAPI.Build\Functions\Clear-PrtgBuild.ps1
		Tools\PrtgAPI.Build\Functions\Get-PrtgCommand.ps1 = Tools\PrtgAPI.Build\Functions\Get-PrtgCommand.ps1
		Tools\PrtgAPI.Build\Functions\Get-PrtgCoverage.ps1 = Tools\PrtgAPI.Build\Functions\Get-PrtgCoverage.ps1
		Tools\PrtgAPI.Build\Functions\Get-PrtgHelp.ps1 = Tools\PrtgAPI.Build\Functions\Get-PrtgHelp.ps1
		Tools\PrtgAPI.Build\Functions\Get-PrtgLog.ps1 = Tools\PrtgAPI.Build\Functions\Get-PrtgLog.ps1
		Tools\PrtgAPI.Build\Functions\Get-PrtgTestResult.ps1 = Tools\PrtgAPI.Build\Functions\Get-PrtgTestResult.ps1
		Tools\PrtgAPI.Build\Functions\Get-PrtgVersion.ps1 = Tools\PrtgAPI.Build\Functions\Get-PrtgVersion.ps1
		Tools\PrtgAPI.Build\Functions\Initialize-BuildEnvironment.ps1 = Tools\PrtgAPI.Build\Functions\Initialize-BuildEnvironment.ps1
		Tools\PrtgAPI.Build\Functions\Install-PrtgDependency.ps1 = Tools\PrtgAPI.Build\Functions\Install-PrtgDependency.ps1
		Tools\PrtgAPI.Build\Functions\Invoke-PrtgAnalyzer.ps1 = Tools\PrtgAPI.Build\Functions\Invoke-PrtgAnalyzer.ps1
		Tools\PrtgAPI.Build\Functions\Invoke-PrtgBuild.ps1 = Tools\PrtgAPI.Build\Functions\Invoke-PrtgBuild.ps1
		Tools\PrtgAPI.Build\Functions\Invoke-PrtgTest.ps1 = Tools\PrtgAPI.Build\Functions\Invoke-PrtgTest.ps1
		Tools\PrtgAPI.Build\Functions\New-PrtgPackage.ps1 = Tools\PrtgAPI.Build\Functions\New-PrtgPackage.ps1
		Tools\PrtgAPI.Build\Functions\Set-PrtgVersion.ps1 = Tools\PrtgAPI.Build\Functions\Set-PrtgVersion.ps1
		Tools\PrtgAPI.Build\Functions\Simulate-PrtgCI.ps1 = Tools\PrtgAPI.Build\Functions\Simulate-PrtgCI.ps1
		Tools\PrtgAPI.Build\Functions\Start-PrtgAPI.ps1 = Tools\PrtgAPI.Build\Functions\Start-PrtgAPI.ps1
		Tools\PrtgAPI.Build\Functions\Update-PrtgVersion.ps1 = Tools\PrtgAPI.Build\Functions\Update-PrtgVersion.ps1
	EndProjectSection
EndProject
Project("{2150E333-8FDC-42A3-9474-1A3956D46DE8}") = "Appveyor", "Appveyor", "{7F7BFA04-D173-4D43-9BCC-AB6895F7C3F6}"
	ProjectSection(SolutionItems) = preProject
		Tools\CI\Appveyor\Clear-AppveyorBuild.ps1 = Tools\CI\Appveyor\Clear-AppveyorBuild.ps1
		Tools\CI\Appveyor\Get-AppveyorLocalConfig.ps1 = Tools\CI\Appveyor\Get-AppveyorLocalConfig.ps1
		Tools\CI\Appveyor\Invoke-AppveyorAfterBuild.ps1 = Tools\CI\Appveyor\Invoke-AppveyorAfterBuild.ps1
		Tools\CI\Appveyor\Invoke-AppveyorAfterTest.ps1 = Tools\CI\Appveyor\Invoke-AppveyorAfterTest.ps1
		Tools\CI\Appveyor\Invoke-AppveyorBeforeBuild.ps1 = Tools\CI\Appveyor\Invoke-AppveyorBeforeBuild.ps1
		Tools\CI\Appveyor\Invoke-AppveyorBeforeTest.ps1 = Tools\CI\Appveyor\Invoke-AppveyorBeforeTest.ps1
		Tools\CI\Appveyor\Invoke-AppveyorBuild.ps1 = Tools\CI\Appveyor\Invoke-AppveyorBuild.ps1
		Tools\CI\Appveyor\Invoke-AppveyorInstall.ps1 = Tools\CI\Appveyor\Invoke-AppveyorInstall.ps1
		Tools\CI\Appveyor\Invoke-AppveyorTest.ps1 = Tools\CI\Appveyor\Invoke-AppveyorTest.ps1
		Tools\CI\Appveyor\Measure-AppveyorCoverage.ps1 = Tools\CI\Appveyor\Measure-AppveyorCoverage.ps1
		Tools\CI\Appveyor\New-AppveyorPackage.ps1 = Tools\CI\Appveyor\New-AppveyorPackage.ps1
		Tools\CI\Appveyor\Set-AppveyorVersion.ps1 = Tools\CI\Appveyor\Set-AppveyorVersion.ps1
		Tools\CI\Appveyor\Simulate-Appveyor.ps1 = Tools\CI\Appveyor\Simulate-Appveyor.ps1
	EndProjectSection
EndProject
Project("{2150E333-8FDC-42A3-9474-1A3956D46DE8}") = "CI", "CI", "{CF5106EF-66EF-4167-81C5-069295265169}"
	ProjectSection(SolutionItems) = preProject
		Tools\CI\CI\Clear-CIBuild.ps1 = Tools\CI\CI\Clear-CIBuild.ps1
		Tools\CI\CI\Get-CIDependency.ps1 = Tools\CI\CI\Get-CIDependency.ps1
		Tools\CI\CI\Get-CIVersion.ps1 = Tools\CI\CI\Get-CIVersion.ps1
		Tools\CI\CI\Install-CIDependency.ps1 = Tools\CI\CI\Install-CIDependency.ps1
		Tools\CI\CI\Invoke-CIBuild.ps1 = Tools\CI\CI\Invoke-CIBuild.ps1
		Tools\CI\CI\Invoke-CITest.ps1 = Tools\CI\CI\Invoke-CITest.ps1
		Tools\CI\CI\New-CSharpPackage.ps1 = Tools\CI\CI\New-CSharpPackage.ps1
		Tools\CI\CI\New-PowerShellPackage.ps1 = Tools\CI\CI\New-PowerShellPackage.ps1
	EndProjectSection
EndProject
Project("{2150E333-8FDC-42A3-9474-1A3956D46DE8}") = "Helpers", "Helpers", "{FBCD6DE6-11CC-4BC4-B88A-56CFFCFA9E97}"
	ProjectSection(SolutionItems) = preProject
		Tools\CI\Helpers\Get-CodeCoverage.ps1 = Tools\CI\Helpers\Get-CodeCoverage.ps1
		Tools\CI\Helpers\Get-SolutionRoot.ps1 = Tools\CI\Helpers\Get-SolutionRoot.ps1
		Tools\CI\Helpers\Import-ModuleFunctions.ps1 = Tools\CI\Helpers\Import-ModuleFunctions.ps1
		Tools\CI\Helpers\Install-Dependency.ps1 = Tools\CI\Helpers\Install-Dependency.ps1
		Tools\CI\Helpers\Invoke-Process.ps1 = Tools\CI\Helpers\Invoke-Process.ps1
		Tools\CI\Helpers\PackageManager.ps1 = Tools\CI\Helpers\PackageManager.ps1
		Tools\CI\Helpers\Write-Log.ps1 = Tools\CI\Helpers\Write-Log.ps1
	EndProjectSection
EndProject
Project("{2150E333-8FDC-42A3-9474-1A3956D46DE8}") = "Tests", "Tests", "{4E3C0D88-95C4-4ECD-9C49-8CAC355D2731}"
	ProjectSection(SolutionItems) = preProject
		Tools\CI\Tests\Appveyor.Tests.ps1 = Tools\CI\Tests\Appveyor.Tests.ps1
		Tools\CI\Tests\CI.Tests.ps1 = Tools\CI\Tests\CI.Tests.ps1
		Tools\CI\Tests\Travis.Tests.ps1 = Tools\CI\Tests\Travis.Tests.ps1
	EndProjectSection
	ProjectSection(FolderStartupServices) = postProject
		{82A7F48D-3B50-4B1E-B82E-3ADA8210C358} = {82A7F48D-3B50-4B1E-B82E-3ADA8210C358}
	EndProjectSection
EndProject
Project("{2150E333-8FDC-42A3-9474-1A3956D46DE8}") = "Travis", "Travis", "{7386C761-E5E4-429D-A5AF-58AE25646917}"
	ProjectSection(SolutionItems) = preProject
		Tools\CI\Travis\Clear-TravisBuild.ps1 = Tools\CI\Travis\Clear-TravisBuild.ps1
		Tools\CI\Travis\Invoke-TravisBuild.ps1 = Tools\CI\Travis\Invoke-TravisBuild.ps1
		Tools\CI\Travis\Invoke-TravisInstall.ps1 = Tools\CI\Travis\Invoke-TravisInstall.ps1
		Tools\CI\Travis\Invoke-TravisScript.ps1 = Tools\CI\Travis\Invoke-TravisScript.ps1
		Tools\CI\Travis\Invoke-TravisTest.ps1 = Tools\CI\Travis\Invoke-TravisTest.ps1
		Tools\CI\Travis\Simulate-Travis.ps1 = Tools\CI\Travis\Simulate-Travis.ps1
	EndProjectSection
EndProject
Project("{2150E333-8FDC-42A3-9474-1A3956D46DE8}") = "Solution Items", "Solution Items", "{7AE797AC-853F-419D-9B53-800AD28046D8}"
	ProjectSection(SolutionItems) = preProject
		.editorconfig = .editorconfig
		.gitattributes = .gitattributes
		.gitignore = .gitignore
		.travis.yml = .travis.yml
		appveyor.yml = appveyor.yml
		README.md = README.md
		ThirdPartyNotices.txt = ThirdPartyNotices.txt
	EndProjectSection
EndProject
Project("{2150E333-8FDC-42A3-9474-1A3956D46DE8}") = "build", "build", "{9C910B54-023C-4775-8327-C043705A5DF4}"
	ProjectSection(SolutionItems) = preProject
		build\Common.props = build\Common.props
		Directory.Build.props = Directory.Build.props
		build\NuGet.props = build\NuGet.props
		build\Version.props = build\Version.props
	EndProjectSection
EndProject
Global
	GlobalSection(SolutionConfigurationPlatforms) = preSolution
		Debug|Any CPU = Debug|Any CPU
		Release|Any CPU = Release|Any CPU
	EndGlobalSection
	GlobalSection(ProjectConfigurationPlatforms) = postSolution
		{C55D8F50-71DE-42C6-A758-5EFF855F318D}.Debug|Any CPU.ActiveCfg = Debug|Any CPU
		{C55D8F50-71DE-42C6-A758-5EFF855F318D}.Debug|Any CPU.Build.0 = Debug|Any CPU
		{C55D8F50-71DE-42C6-A758-5EFF855F318D}.Release|Any CPU.ActiveCfg = Release|Any CPU
		{C55D8F50-71DE-42C6-A758-5EFF855F318D}.Release|Any CPU.Build.0 = Release|Any CPU
		{0F6F773A-7053-424E-89F8-43467A695433}.Debug|Any CPU.ActiveCfg = Debug|Any CPU
		{0F6F773A-7053-424E-89F8-43467A695433}.Debug|Any CPU.Build.0 = Debug|Any CPU
		{0F6F773A-7053-424E-89F8-43467A695433}.Release|Any CPU.ActiveCfg = Release|Any CPU
		{0F6F773A-7053-424E-89F8-43467A695433}.Release|Any CPU.Build.0 = Release|Any CPU
		{2179C33F-C774-45AF-A664-338B8C3B799B}.Debug|Any CPU.ActiveCfg = Debug|Any CPU
		{2179C33F-C774-45AF-A664-338B8C3B799B}.Debug|Any CPU.Build.0 = Debug|Any CPU
		{2179C33F-C774-45AF-A664-338B8C3B799B}.Release|Any CPU.ActiveCfg = Release|Any CPU
		{2179C33F-C774-45AF-A664-338B8C3B799B}.Release|Any CPU.Build.0 = Release|Any CPU
		{60277601-FF8C-4712-BE9B-972921F5C763}.Debug|Any CPU.ActiveCfg = Debug|Any CPU
		{60277601-FF8C-4712-BE9B-972921F5C763}.Debug|Any CPU.Build.0 = Debug|Any CPU
		{60277601-FF8C-4712-BE9B-972921F5C763}.Release|Any CPU.ActiveCfg = Release|Any CPU
		{60277601-FF8C-4712-BE9B-972921F5C763}.Release|Any CPU.Build.0 = Release|Any CPU
		{C4572A75-AC79-4E5E-B253-1A545446220A}.Debug|Any CPU.ActiveCfg = Debug|Any CPU
		{C4572A75-AC79-4E5E-B253-1A545446220A}.Debug|Any CPU.Build.0 = Debug|Any CPU
		{C4572A75-AC79-4E5E-B253-1A545446220A}.Release|Any CPU.ActiveCfg = Release|Any CPU
		{C4572A75-AC79-4E5E-B253-1A545446220A}.Release|Any CPU.Build.0 = Release|Any CPU
	EndGlobalSection
	GlobalSection(SolutionProperties) = preSolution
		HideSolutionNode = FALSE
	EndGlobalSection
	GlobalSection(NestedProjects) = preSolution
		{C4572A75-AC79-4E5E-B253-1A545446220A} = {873CF2EE-4D15-4445-BAE9-33F1D82848A0}
		{704FF895-ABCF-4C13-A731-1BBFA890097F} = {873CF2EE-4D15-4445-BAE9-33F1D82848A0}
		{FD3FC018-16E2-4C03-B7B0-96053F7BBF15} = {873CF2EE-4D15-4445-BAE9-33F1D82848A0}
		{1F1BA813-E71F-4138-A6B9-E2B0AEBCD0F1} = {FD3FC018-16E2-4C03-B7B0-96053F7BBF15}
		{7F7BFA04-D173-4D43-9BCC-AB6895F7C3F6} = {704FF895-ABCF-4C13-A731-1BBFA890097F}
		{CF5106EF-66EF-4167-81C5-069295265169} = {704FF895-ABCF-4C13-A731-1BBFA890097F}
		{FBCD6DE6-11CC-4BC4-B88A-56CFFCFA9E97} = {704FF895-ABCF-4C13-A731-1BBFA890097F}
		{4E3C0D88-95C4-4ECD-9C49-8CAC355D2731} = {704FF895-ABCF-4C13-A731-1BBFA890097F}
		{7386C761-E5E4-429D-A5AF-58AE25646917} = {704FF895-ABCF-4C13-A731-1BBFA890097F}
	EndGlobalSection
	GlobalSection(ExtensibilityGlobals) = postSolution
		SolutionGuid = {B0EB9399-62E4-4193-B251-6720C4D3D830}
	EndGlobalSection
EndGlobal
